{
  "name": "deliveryterms-e2e",
  "version": "0.0.0",
  "lockfileVersion": 2,
  "requires": true,
  "packages": {
    "": {
      "name": "deliveryterms-e2e",
      "version": "0.0.0",
      "devDependencies": {
        "@playwright/test": "^1.40.0"
      }
    },
    "node_modules/@playwright/test": {
      "version": "1.40.0",
      "resolved": "https://registry.npmjs.org/@playwright/test/-/test-1.40.0.tgz",
      "dev": true
    }
  },
  "dependencies": {
    "@playwright/test": {
      "version": "1.40.0",
      "resolved": "https://registry.npmjs.org/@playwright/test/-/test-1.40.0.tgz",
      "dev": true
    }
  }
}
